
Microsoft Visual Studio Solution File, Format Version 12.00
Project("{FAE04EC0-301F-11D3-BF4B-00C04F79EFBC}") = "DynaShape", "DynaShape\DynaShape.csproj", "{157AD178-EE17-46E9-B6DC-C50EB9DCCA60}"
EndProject
Project("{FAE04EC0-301F-11D3-BF4B-00C04F79EFBC}") = "DynaSpace", "DynaSpace\DynaSpace.csproj", "{50C21246-A074-46A9-9F57-531F780D76BD}"
EndProject
Global
	GlobalSection(SolutionConfigurationPlatforms) = preSolution
		Debug|Any CPU = Debug|Any CPU
		Release|Any CPU = Release|Any CPU
	EndGlobalSection
	GlobalSection(ProjectConfigurationPlatforms) = postSolution
		{157AD178-EE17-46E9-B6DC-C50EB9DCCA60}.Debug|Any CPU.ActiveCfg = Debug|x64
		{157AD178-EE17-46E9-B6DC-C50EB9DCCA60}.Debug|Any CPU.Build.0 = Debug|x64
		{157AD178-EE17-46E9-B6DC-C50EB9DCCA60}.Release|Any CPU.ActiveCfg = Release|x64
		{157AD178-EE17-46E9-B6DC-C50EB9DCCA60}.Release|Any CPU.Build.0 = Release|x64
		{50C21246-A074-46A9-9F57-531F780D76BD}.Debug|Any CPU.ActiveCfg = Debug|x64
		{50C21246-A074-46A9-9F57-531F780D76BD}.Debug|Any CPU.Build.0 = Debug|x64
		{50C21246-A074-46A9-9F57-531F780D76BD}.Release|Any CPU.ActiveCfg = Release|x64
		{50C21246-A074-46A9-9F57-531F780D76BD}.Release|Any CPU.Build.0 = Release|x64
	EndGlobalSection
EndGlobal
